// !$*UTF8*$!
{
	archiveVersion = 1;
	classes = {
	};
	objectVersion = 56;
	objects = {

/* Begin PBXBuildFile section */
		B79FAACD2CD6BF5200DFAC63 /* InvestSightApp.swift in Sources */ = {isa = PBXBuildFile; fileRef = B79FAACC2CD6BF5200DFAC63 /* InvestSightApp.swift */; };
		B79FAACF2CD6BF5200DFAC63 /* ContentView.swift in Sources */ = {isa = PBXBuildFile; fileRef = B79FAACE2CD6BF5200DFAC63 /* ContentView.swift */; };
		B79FAAD12CD6BF5300DFAC63 /* Assets.xcassets in Resources */ = {isa = PBXBuildFile; fileRef = B79FAAD02CD6BF5300DFAC63 /* Assets.xcassets */; };
		B79FAAD42CD6BF5300DFAC63 /* Preview Assets.xcassets in Resources */ = {isa = PBXBuildFile; fileRef = B79FAAD32CD6BF5300DFAC63 /* Preview Assets.xcassets */; };
		B79FAADE2CD6BF5300DFAC63 /* InvestSightTests.swift in Sources */ = {isa = PBXBuildFile; fileRef = B79FAADD2CD6BF5300DFAC63 /* InvestSightTests.swift */; };
		B79FAAE82CD6BF5300DFAC63 /* InvestSightUITests.swift in Sources */ = {isa = PBXBuildFile; fileRef = B79FAAE72CD6BF5300DFAC63 /* InvestSightUITests.swift */; };
		B79FAAEA2CD6BF5300DFAC63 /* InvestSightUITestsLaunchTests.swift in Sources */ = {isa = PBXBuildFile; fileRef = B79FAAE92CD6BF5300DFAC63 /* InvestSightUITestsLaunchTests.swift */; };
		B79FAAFD2CD6BF6600DFAC63 /* WidgetKit.framework in Frameworks */ = {isa = PBXBuildFile; fileRef = B79FAAFC2CD6BF6500DFAC63 /* WidgetKit.framework */; };
		B79FAAFF2CD6BF6600DFAC63 /* SwiftUI.framework in Frameworks */ = {isa = PBXBuildFile; fileRef = B79FAAFE2CD6BF6600DFAC63 /* SwiftUI.framework */; };
		B79FAB022CD6BF6600DFAC63 /* InvestSightWidgetsBundle.swift in Sources */ = {isa = PBXBuildFile; fileRef = B79FAB012CD6BF6600DFAC63 /* InvestSightWidgetsBundle.swift */; };
		B79FAB042CD6BF6600DFAC63 /* InvestSightWidgetsLiveActivity.swift in Sources */ = {isa = PBXBuildFile; fileRef = B79FAB032CD6BF6600DFAC63 /* InvestSightWidgetsLiveActivity.swift */; };
		B79FAB062CD6BF6600DFAC63 /* InvestSightWidgets.swift in Sources */ = {isa = PBXBuildFile; fileRef = B79FAB052CD6BF6600DFAC63 /* InvestSightWidgets.swift */; };
		B79FAB082CD6BF6600DFAC63 /* AppIntent.swift in Sources */ = {isa = PBXBuildFile; fileRef = B79FAB072CD6BF6600DFAC63 /* AppIntent.swift */; };
		B79FAB0A2CD6BF6900DFAC63 /* Assets.xcassets in Resources */ = {isa = PBXBuildFile; fileRef = B79FAB092CD6BF6900DFAC63 /* Assets.xcassets */; };
		B79FAB0E2CD6BF6900DFAC63 /* InvestSightWidgetsExtension.appex in Embed Foundation Extensions */ = {isa = PBXBuildFile; fileRef = B79FAAFA2CD6BF6500DFAC63 /* InvestSightWidgetsExtension.appex */; settings = {ATTRIBUTES = (RemoveHeadersOnCopy, ); }; };
		B79FAB242CD6C56E00DFAC63 /* AppContainer.swift in Sources */ = {isa = PBXBuildFile; fileRef = B79FAB232CD6C56E00DFAC63 /* AppContainer.swift */; };
		B79FAB362CD6CFEE00DFAC63 /* T212Stock.swift in Sources */ = {isa = PBXBuildFile; fileRef = B79FAB352CD6CFEE00DFAC63 /* T212Stock.swift */; };
		B79FAB382CD6D01100DFAC63 /* T212Portfolio.swift in Sources */ = {isa = PBXBuildFile; fileRef = B79FAB372CD6D01100DFAC63 /* T212Portfolio.swift */; };
		B79FAB3C2CD6D66E00DFAC63 /* Stock.swift in Sources */ = {isa = PBXBuildFile; fileRef = B79FAB3B2CD6D66E00DFAC63 /* Stock.swift */; };
		B79FAB3E2CD6D68B00DFAC63 /* Portfolio.swift in Sources */ = {isa = PBXBuildFile; fileRef = B79FAB3D2CD6D68B00DFAC63 /* Portfolio.swift */; };
		B79FAB3F2CD6D6BB00DFAC63 /* Stock.swift in Sources */ = {isa = PBXBuildFile; fileRef = B79FAB3B2CD6D66E00DFAC63 /* Stock.swift */; };
		B79FAB402CD6D6BD00DFAC63 /* Portfolio.swift in Sources */ = {isa = PBXBuildFile; fileRef = B79FAB3D2CD6D68B00DFAC63 /* Portfolio.swift */; };
		B79FAB4B2CD6D82A00DFAC63 /* EmptyResponse.swift in Sources */ = {isa = PBXBuildFile; fileRef = B79FAB422CD6D82A00DFAC63 /* EmptyResponse.swift */; };
		B79FAB4E2CD6D82A00DFAC63 /* APIConstants.swift in Sources */ = {isa = PBXBuildFile; fileRef = B79FAB482CD6D82A00DFAC63 /* APIConstants.swift */; };
		B79FAB4F2CD6D82A00DFAC63 /* APIError.swift in Sources */ = {isa = PBXBuildFile; fileRef = B79FAB492CD6D82A00DFAC63 /* APIError.swift */; };
		B79FAB522CD6DD5200DFAC63 /* Trading212ServiceProtocol.swift in Sources */ = {isa = PBXBuildFile; fileRef = B79FAB512CD6DD5200DFAC63 /* Trading212ServiceProtocol.swift */; };
		B79FAB542CD6DD7600DFAC63 /* APIClient.swift in Sources */ = {isa = PBXBuildFile; fileRef = B79FAB532CD6DD7600DFAC63 /* APIClient.swift */; };
		B79FAB562CD6DD9900DFAC63 /* Endpoint.swift in Sources */ = {isa = PBXBuildFile; fileRef = B79FAB552CD6DD9900DFAC63 /* Endpoint.swift */; };
		B79FAB582CD6DDD700DFAC63 /* Trading212Service.swift in Sources */ = {isa = PBXBuildFile; fileRef = B79FAB572CD6DDD700DFAC63 /* Trading212Service.swift */; };
		B79FAB5A2CD6DE2700DFAC63 /* Trading212Endpoint.swift in Sources */ = {isa = PBXBuildFile; fileRef = B79FAB592CD6DE2700DFAC63 /* Trading212Endpoint.swift */; };
		B79FAB5C2CD6DF2C00DFAC63 /* HTTPMethod.swift in Sources */ = {isa = PBXBuildFile; fileRef = B79FAB5B2CD6DF2C00DFAC63 /* HTTPMethod.swift */; };
		B79FAB602CD6E0A900DFAC63 /* PortfolioViewModel.swift in Sources */ = {isa = PBXBuildFile; fileRef = B79FAB5D2CD6E0A900DFAC63 /* PortfolioViewModel.swift */; };
		B79FAB632CD7D9FB00DFAC63 /* Color+Hex.swift in Sources */ = {isa = PBXBuildFile; fileRef = B79FAB612CD7D9FB00DFAC63 /* Color+Hex.swift */; };
		B79FAB682CD7DA1A00DFAC63 /* BrokerStatusView.swift in Sources */ = {isa = PBXBuildFile; fileRef = B79FAB642CD7DA1900DFAC63 /* BrokerStatusView.swift */; };
		B79FAB692CD7DA1A00DFAC63 /* StockRowView.swift in Sources */ = {isa = PBXBuildFile; fileRef = B79FAB652CD7DA1900DFAC63 /* StockRowView.swift */; };
		B79FAB6C2CD7EB4700DFAC63 /* RefreshableView.swift in Sources */ = {isa = PBXBuildFile; fileRef = B79FAB6A2CD7EB4700DFAC63 /* RefreshableView.swift */; };
		B79FAB6E2CD7EB6E00DFAC63 /* PortfolioContent.swift in Sources */ = {isa = PBXBuildFile; fileRef = B79FAB6D2CD7EB6E00DFAC63 /* PortfolioContent.swift */; };
		B79FAB702CD7F34000DFAC63 /* PortfolioHeaderView.swift in Sources */ = {isa = PBXBuildFile; fileRef = B79FAB6F2CD7F34000DFAC63 /* PortfolioHeaderView.swift */; };
		B79FAB722CD7F35700DFAC63 /* PortfolioGraphView.swift in Sources */ = {isa = PBXBuildFile; fileRef = B79FAB712CD7F35600DFAC63 /* PortfolioGraphView.swift */; };
		B7B0E1832CDFACD400E107B0 /* StockCacheService.swift in Sources */ = {isa = PBXBuildFile; fileRef = B7B0E1802CDFACD300E107B0 /* StockCacheService.swift */; };
		B7B0E1882CDFE6CA00E107B0 /* PortfolioMainView.swift in Sources */ = {isa = PBXBuildFile; fileRef = B7B0E1862CDFE6CA00E107B0 /* PortfolioMainView.swift */; };
		B7B0E18F2CDFE6F400E107B0 /* SettingsView.swift in Sources */ = {isa = PBXBuildFile; fileRef = B7B0E18C2CDFE6F400E107B0 /* SettingsView.swift */; };
		B7B0E1912CDFE70300E107B0 /* ErrorView.swift in Sources */ = {isa = PBXBuildFile; fileRef = B7B0E1902CDFE70300E107B0 /* ErrorView.swift */; };
		B7B0E1952CDFEA4500E107B0 /* ScrollOffsetPreferenceKey.swift in Sources */ = {isa = PBXBuildFile; fileRef = B7B0E1922CDFEA4500E107B0 /* ScrollOffsetPreferenceKey.swift */; };
		B7B0E1992CE0DEFB00E107B0 /* PortfolioToolbar.swift in Sources */ = {isa = PBXBuildFile; fileRef = B7B0E1982CE0DEFA00E107B0 /* PortfolioToolbar.swift */; };
		B7B0E19C2CE0E08B00E107B0 /* PortfolioState.swift in Sources */ = {isa = PBXBuildFile; fileRef = B7B0E19A2CE0E08B00E107B0 /* PortfolioState.swift */; };
		B7B0E19F2CE0E0A900E107B0 /* DateProviding.swift in Sources */ = {isa = PBXBuildFile; fileRef = B7B0E19D2CE0E0A900E107B0 /* DateProviding.swift */; };
		B7B0E1A32CE0E54800E107B0 /* PortfolioHistory.swift in Sources */ = {isa = PBXBuildFile; fileRef = B7B0E1A22CE0E54800E107B0 /* PortfolioHistory.swift */; };
		B7B0E1A52CE0E56500E107B0 /* PortfolioHistoryService.swift in Sources */ = {isa = PBXBuildFile; fileRef = B7B0E1A42CE0E56500E107B0 /* PortfolioHistoryService.swift */; };
		B7B0E1A72CE0E95800E107B0 /* Date+Components.swift in Sources */ = {isa = PBXBuildFile; fileRef = B7B0E1A62CE0E95800E107B0 /* Date+Components.swift */; };
		B7B0E1A92CE0E9C300E107B0 /* PortfolioGraphViewModel.swift in Sources */ = {isa = PBXBuildFile; fileRef = B7B0E1A82CE0E9C300E107B0 /* PortfolioGraphViewModel.swift */; };
		B7B0E1AB2CE0F11900E107B0 /* PortfolioRefreshable.swift in Sources */ = {isa = PBXBuildFile; fileRef = B7B0E1AA2CE0F11900E107B0 /* PortfolioRefreshable.swift */; };
		B7B0E1B32CE0F3C400E107B0 /* PreviewData.swift in Sources */ = {isa = PBXBuildFile; fileRef = B7B0E1B22CE0F3C400E107B0 /* PreviewData.swift */; };
		B7B0E1B52CE10CB800E107B0 /* BackgroundTaskService.swift in Sources */ = {isa = PBXBuildFile; fileRef = B7B0E1B42CE10CB800E107B0 /* BackgroundTaskService.swift */; };
/* End PBXBuildFile section */

/* Begin PBXContainerItemProxy section */
		B79FAADA2CD6BF5300DFAC63 /* PBXContainerItemProxy */ = {
			isa = PBXContainerItemProxy;
			containerPortal = B79FAAC12CD6BF5200DFAC63 /* Project object */;
			proxyType = 1;
			remoteGlobalIDString = B79FAAC82CD6BF5200DFAC63;
			remoteInfo = InvestSight;
		};
		B79FAAE42CD6BF5300DFAC63 /* PBXContainerItemProxy */ = {
			isa = PBXContainerItemProxy;
			containerPortal = B79FAAC12CD6BF5200DFAC63 /* Project object */;
			proxyType = 1;
			remoteGlobalIDString = B79FAAC82CD6BF5200DFAC63;
			remoteInfo = InvestSight;
		};
		B79FAB0C2CD6BF6900DFAC63 /* PBXContainerItemProxy */ = {
			isa = PBXContainerItemProxy;
			containerPortal = B79FAAC12CD6BF5200DFAC63 /* Project object */;
			proxyType = 1;
			remoteGlobalIDString = B79FAAF92CD6BF6500DFAC63;
			remoteInfo = InvestSightWidgetsExtension;
		};
/* End PBXContainerItemProxy section */

/* Begin PBXCopyFilesBuildPhase section */
		B79FAB122CD6BF6900DFAC63 /* Embed Foundation Extensions */ = {
			isa = PBXCopyFilesBuildPhase;
			buildActionMask = 2147483647;
			dstPath = "";
			dstSubfolderSpec = 13;
			files = (
				B79FAB0E2CD6BF6900DFAC63 /* InvestSightWidgetsExtension.appex in Embed Foundation Extensions */,
			);
			name = "Embed Foundation Extensions";
			runOnlyForDeploymentPostprocessing = 0;
		};
/* End PBXCopyFilesBuildPhase section */

/* Begin PBXFileReference section */
		B79FAAC92CD6BF5200DFAC63 /* InvestSight.app */ = {isa = PBXFileReference; explicitFileType = wrapper.application; includeInIndex = 0; path = InvestSight.app; sourceTree = BUILT_PRODUCTS_DIR; };
		B79FAACC2CD6BF5200DFAC63 /* InvestSightApp.swift */ = {isa = PBXFileReference; lastKnownFileType = sourcecode.swift; path = InvestSightApp.swift; sourceTree = "<group>"; };
		B79FAACE2CD6BF5200DFAC63 /* ContentView.swift */ = {isa = PBXFileReference; lastKnownFileType = sourcecode.swift; path = ContentView.swift; sourceTree = "<group>"; };
		B79FAAD02CD6BF5300DFAC63 /* Assets.xcassets */ = {isa = PBXFileReference; lastKnownFileType = folder.assetcatalog; path = Assets.xcassets; sourceTree = "<group>"; };
		B79FAAD32CD6BF5300DFAC63 /* Preview Assets.xcassets */ = {isa = PBXFileReference; lastKnownFileType = folder.assetcatalog; path = "Preview Assets.xcassets"; sourceTree = "<group>"; };
		B79FAAD92CD6BF5300DFAC63 /* InvestSightTests.xctest */ = {isa = PBXFileReference; explicitFileType = wrapper.cfbundle; includeInIndex = 0; path = InvestSightTests.xctest; sourceTree = BUILT_PRODUCTS_DIR; };
		B79FAADD2CD6BF5300DFAC63 /* InvestSightTests.swift */ = {isa = PBXFileReference; lastKnownFileType = sourcecode.swift; path = InvestSightTests.swift; sourceTree = "<group>"; };
		B79FAAE32CD6BF5300DFAC63 /* InvestSightUITests.xctest */ = {isa = PBXFileReference; explicitFileType = wrapper.cfbundle; includeInIndex = 0; path = InvestSightUITests.xctest; sourceTree = BUILT_PRODUCTS_DIR; };
		B79FAAE72CD6BF5300DFAC63 /* InvestSightUITests.swift */ = {isa = PBXFileReference; lastKnownFileType = sourcecode.swift; path = InvestSightUITests.swift; sourceTree = "<group>"; };
		B79FAAE92CD6BF5300DFAC63 /* InvestSightUITestsLaunchTests.swift */ = {isa = PBXFileReference; lastKnownFileType = sourcecode.swift; path = InvestSightUITestsLaunchTests.swift; sourceTree = "<group>"; };
		B79FAAFA2CD6BF6500DFAC63 /* InvestSightWidgetsExtension.appex */ = {isa = PBXFileReference; explicitFileType = "wrapper.app-extension"; includeInIndex = 0; path = InvestSightWidgetsExtension.appex; sourceTree = BUILT_PRODUCTS_DIR; };
		B79FAAFC2CD6BF6500DFAC63 /* WidgetKit.framework */ = {isa = PBXFileReference; lastKnownFileType = wrapper.framework; name = WidgetKit.framework; path = System/Library/Frameworks/WidgetKit.framework; sourceTree = SDKROOT; };
		B79FAAFE2CD6BF6600DFAC63 /* SwiftUI.framework */ = {isa = PBXFileReference; lastKnownFileType = wrapper.framework; name = SwiftUI.framework; path = System/Library/Frameworks/SwiftUI.framework; sourceTree = SDKROOT; };
		B79FAB012CD6BF6600DFAC63 /* InvestSightWidgetsBundle.swift */ = {isa = PBXFileReference; lastKnownFileType = sourcecode.swift; path = InvestSightWidgetsBundle.swift; sourceTree = "<group>"; };
		B79FAB032CD6BF6600DFAC63 /* InvestSightWidgetsLiveActivity.swift */ = {isa = PBXFileReference; lastKnownFileType = sourcecode.swift; path = InvestSightWidgetsLiveActivity.swift; sourceTree = "<group>"; };
		B79FAB052CD6BF6600DFAC63 /* InvestSightWidgets.swift */ = {isa = PBXFileReference; lastKnownFileType = sourcecode.swift; path = InvestSightWidgets.swift; sourceTree = "<group>"; };
		B79FAB072CD6BF6600DFAC63 /* AppIntent.swift */ = {isa = PBXFileReference; lastKnownFileType = sourcecode.swift; path = AppIntent.swift; sourceTree = "<group>"; };
		B79FAB092CD6BF6900DFAC63 /* Assets.xcassets */ = {isa = PBXFileReference; lastKnownFileType = folder.assetcatalog; path = Assets.xcassets; sourceTree = "<group>"; };
		B79FAB0B2CD6BF6900DFAC63 /* Info.plist */ = {isa = PBXFileReference; lastKnownFileType = text.plist.xml; path = Info.plist; sourceTree = "<group>"; };
		B79FAB232CD6C56E00DFAC63 /* AppContainer.swift */ = {isa = PBXFileReference; lastKnownFileType = sourcecode.swift; path = AppContainer.swift; sourceTree = "<group>"; };
		B79FAB352CD6CFEE00DFAC63 /* T212Stock.swift */ = {isa = PBXFileReference; lastKnownFileType = sourcecode.swift; path = T212Stock.swift; sourceTree = "<group>"; };
		B79FAB372CD6D01100DFAC63 /* T212Portfolio.swift */ = {isa = PBXFileReference; lastKnownFileType = sourcecode.swift; path = T212Portfolio.swift; sourceTree = "<group>"; };
		B79FAB3B2CD6D66E00DFAC63 /* Stock.swift */ = {isa = PBXFileReference; lastKnownFileType = sourcecode.swift; path = Stock.swift; sourceTree = "<group>"; };
		B79FAB3D2CD6D68B00DFAC63 /* Portfolio.swift */ = {isa = PBXFileReference; lastKnownFileType = sourcecode.swift; path = Portfolio.swift; sourceTree = "<group>"; };
		B79FAB422CD6D82A00DFAC63 /* EmptyResponse.swift */ = {isa = PBXFileReference; fileEncoding = 4; lastKnownFileType = sourcecode.swift; path = EmptyResponse.swift; sourceTree = "<group>"; };
		B79FAB482CD6D82A00DFAC63 /* APIConstants.swift */ = {isa = PBXFileReference; fileEncoding = 4; lastKnownFileType = sourcecode.swift; path = APIConstants.swift; sourceTree = "<group>"; };
		B79FAB492CD6D82A00DFAC63 /* APIError.swift */ = {isa = PBXFileReference; fileEncoding = 4; lastKnownFileType = sourcecode.swift; path = APIError.swift; sourceTree = "<group>"; };
		B79FAB512CD6DD5200DFAC63 /* Trading212ServiceProtocol.swift */ = {isa = PBXFileReference; lastKnownFileType = sourcecode.swift; path = Trading212ServiceProtocol.swift; sourceTree = "<group>"; };
		B79FAB532CD6DD7600DFAC63 /* APIClient.swift */ = {isa = PBXFileReference; lastKnownFileType = sourcecode.swift; path = APIClient.swift; sourceTree = "<group>"; };
		B79FAB552CD6DD9900DFAC63 /* Endpoint.swift */ = {isa = PBXFileReference; lastKnownFileType = sourcecode.swift; path = Endpoint.swift; sourceTree = "<group>"; };
		B79FAB572CD6DDD700DFAC63 /* Trading212Service.swift */ = {isa = PBXFileReference; lastKnownFileType = sourcecode.swift; path = Trading212Service.swift; sourceTree = "<group>"; };
		B79FAB592CD6DE2700DFAC63 /* Trading212Endpoint.swift */ = {isa = PBXFileReference; lastKnownFileType = sourcecode.swift; path = Trading212Endpoint.swift; sourceTree = "<group>"; };
		B79FAB5B2CD6DF2C00DFAC63 /* HTTPMethod.swift */ = {isa = PBXFileReference; lastKnownFileType = sourcecode.swift; path = HTTPMethod.swift; sourceTree = "<group>"; };
		B79FAB5D2CD6E0A900DFAC63 /* PortfolioViewModel.swift */ = {isa = PBXFileReference; fileEncoding = 4; lastKnownFileType = sourcecode.swift; path = PortfolioViewModel.swift; sourceTree = "<group>"; };
		B79FAB612CD7D9FB00DFAC63 /* Color+Hex.swift */ = {isa = PBXFileReference; fileEncoding = 4; lastKnownFileType = sourcecode.swift; path = "Color+Hex.swift"; sourceTree = "<group>"; };
		B79FAB642CD7DA1900DFAC63 /* BrokerStatusView.swift */ = {isa = PBXFileReference; fileEncoding = 4; lastKnownFileType = sourcecode.swift; path = BrokerStatusView.swift; sourceTree = "<group>"; };
		B79FAB652CD7DA1900DFAC63 /* StockRowView.swift */ = {isa = PBXFileReference; fileEncoding = 4; lastKnownFileType = sourcecode.swift; path = StockRowView.swift; sourceTree = "<group>"; };
		B79FAB6A2CD7EB4700DFAC63 /* RefreshableView.swift */ = {isa = PBXFileReference; fileEncoding = 4; lastKnownFileType = sourcecode.swift; path = RefreshableView.swift; sourceTree = "<group>"; };
		B79FAB6D2CD7EB6E00DFAC63 /* PortfolioContent.swift */ = {isa = PBXFileReference; fileEncoding = 4; lastKnownFileType = sourcecode.swift; path = PortfolioContent.swift; sourceTree = "<group>"; };
		B79FAB6F2CD7F34000DFAC63 /* PortfolioHeaderView.swift */ = {isa = PBXFileReference; fileEncoding = 4; lastKnownFileType = sourcecode.swift; path = PortfolioHeaderView.swift; sourceTree = "<group>"; };
		B79FAB712CD7F35600DFAC63 /* PortfolioGraphView.swift */ = {isa = PBXFileReference; fileEncoding = 4; lastKnownFileType = sourcecode.swift; path = PortfolioGraphView.swift; sourceTree = "<group>"; };
		B7B0E1802CDFACD300E107B0 /* StockCacheService.swift */ = {isa = PBXFileReference; fileEncoding = 4; lastKnownFileType = sourcecode.swift; path = StockCacheService.swift; sourceTree = "<group>"; };
		B7B0E1862CDFE6CA00E107B0 /* PortfolioMainView.swift */ = {isa = PBXFileReference; fileEncoding = 4; lastKnownFileType = sourcecode.swift; path = PortfolioMainView.swift; sourceTree = "<group>"; };
		B7B0E18C2CDFE6F400E107B0 /* SettingsView.swift */ = {isa = PBXFileReference; fileEncoding = 4; lastKnownFileType = sourcecode.swift; path = SettingsView.swift; sourceTree = "<group>"; };
		B7B0E1902CDFE70300E107B0 /* ErrorView.swift */ = {isa = PBXFileReference; fileEncoding = 4; lastKnownFileType = sourcecode.swift; path = ErrorView.swift; sourceTree = "<group>"; };
		B7B0E1922CDFEA4500E107B0 /* ScrollOffsetPreferenceKey.swift */ = {isa = PBXFileReference; fileEncoding = 4; lastKnownFileType = sourcecode.swift; path = ScrollOffsetPreferenceKey.swift; sourceTree = "<group>"; };
		B7B0E1982CE0DEFA00E107B0 /* PortfolioToolbar.swift */ = {isa = PBXFileReference; fileEncoding = 4; lastKnownFileType = sourcecode.swift; path = PortfolioToolbar.swift; sourceTree = "<group>"; };
		B7B0E19A2CE0E08B00E107B0 /* PortfolioState.swift */ = {isa = PBXFileReference; fileEncoding = 4; lastKnownFileType = sourcecode.swift; path = PortfolioState.swift; sourceTree = "<group>"; };
		B7B0E19D2CE0E0A900E107B0 /* DateProviding.swift */ = {isa = PBXFileReference; fileEncoding = 4; lastKnownFileType = sourcecode.swift; path = DateProviding.swift; sourceTree = "<group>"; };
		B7B0E1A22CE0E54800E107B0 /* PortfolioHistory.swift */ = {isa = PBXFileReference; fileEncoding = 4; lastKnownFileType = sourcecode.swift; path = PortfolioHistory.swift; sourceTree = "<group>"; };
		B7B0E1A42CE0E56500E107B0 /* PortfolioHistoryService.swift */ = {isa = PBXFileReference; fileEncoding = 4; lastKnownFileType = sourcecode.swift; path = PortfolioHistoryService.swift; sourceTree = "<group>"; };
		B7B0E1A62CE0E95800E107B0 /* Date+Components.swift */ = {isa = PBXFileReference; fileEncoding = 4; lastKnownFileType = sourcecode.swift; path = "Date+Components.swift"; sourceTree = "<group>"; };
		B7B0E1A82CE0E9C300E107B0 /* PortfolioGraphViewModel.swift */ = {isa = PBXFileReference; fileEncoding = 4; lastKnownFileType = sourcecode.swift; path = PortfolioGraphViewModel.swift; sourceTree = "<group>"; };
		B7B0E1AA2CE0F11900E107B0 /* PortfolioRefreshable.swift */ = {isa = PBXFileReference; fileEncoding = 4; lastKnownFileType = sourcecode.swift; path = PortfolioRefreshable.swift; sourceTree = "<group>"; };
		B7B0E1B22CE0F3C400E107B0 /* PreviewData.swift */ = {isa = PBXFileReference; fileEncoding = 4; lastKnownFileType = sourcecode.swift; path = PreviewData.swift; sourceTree = "<group>"; };
		B7B0E1B42CE10CB800E107B0 /* BackgroundTaskService.swift */ = {isa = PBXFileReference; fileEncoding = 4; lastKnownFileType = sourcecode.swift; path = BackgroundTaskService.swift; sourceTree = "<group>"; };
		B7B0E1B62CE10FC200E107B0 /* Info.plist */ = {isa = PBXFileReference; lastKnownFileType = text.plist; path = Info.plist; sourceTree = "<group>"; };
/* End PBXFileReference section */

/* Begin PBXFrameworksBuildPhase section */
		B79FAAC62CD6BF5200DFAC63 /* Frameworks */ = {
			isa = PBXFrameworksBuildPhase;
			buildActionMask = 2147483647;
			files = (
			);
			runOnlyForDeploymentPostprocessing = 0;
		};
		B79FAAD62CD6BF5300DFAC63 /* Frameworks */ = {
			isa = PBXFrameworksBuildPhase;
			buildActionMask = 2147483647;
			files = (
			);
			runOnlyForDeploymentPostprocessing = 0;
		};
		B79FAAE02CD6BF5300DFAC63 /* Frameworks */ = {
			isa = PBXFrameworksBuildPhase;
			buildActionMask = 2147483647;
			files = (
			);
			runOnlyForDeploymentPostprocessing = 0;
		};
		B79FAAF72CD6BF6500DFAC63 /* Frameworks */ = {
			isa = PBXFrameworksBuildPhase;
			buildActionMask = 2147483647;
			files = (
				B79FAAFF2CD6BF6600DFAC63 /* SwiftUI.framework in Frameworks */,
				B79FAAFD2CD6BF6600DFAC63 /* WidgetKit.framework in Frameworks */,
			);
			runOnlyForDeploymentPostprocessing = 0;
		};
/* End PBXFrameworksBuildPhase section */

/* Begin PBXGroup section */
		B79FAAC02CD6BF5200DFAC63 = {
			isa = PBXGroup;
			children = (
				B79FAACB2CD6BF5200DFAC63 /* InvestSight */,
				B79FAADC2CD6BF5300DFAC63 /* InvestSightTests */,
				B79FAAE62CD6BF5300DFAC63 /* InvestSightUITests */,
				B79FAB002CD6BF6600DFAC63 /* InvestSightWidgets */,
				B79FAAFB2CD6BF6500DFAC63 /* Frameworks */,
				B79FAACA2CD6BF5200DFAC63 /* Products */,
			);
			sourceTree = "<group>";
		};
		B79FAACA2CD6BF5200DFAC63 /* Products */ = {
			isa = PBXGroup;
			children = (
				B79FAAC92CD6BF5200DFAC63 /* InvestSight.app */,
				B79FAAD92CD6BF5300DFAC63 /* InvestSightTests.xctest */,
				B79FAAE32CD6BF5300DFAC63 /* InvestSightUITests.xctest */,
				B79FAAFA2CD6BF6500DFAC63 /* InvestSightWidgetsExtension.appex */,
			);
			name = Products;
			sourceTree = "<group>";
		};
		B79FAACB2CD6BF5200DFAC63 /* InvestSight */ = {
			isa = PBXGroup;
			children = (
				B7B0E1B62CE10FC200E107B0 /* Info.plist */,
				B79FAB212CD6C54900DFAC63 /* App */,
				B79FAB252CD6C86000DFAC63 /* Features */,
				B79FAB262CD6C87E00DFAC63 /* Core */,
				B79FAB272CD6C88F00DFAC63 /* Data */,
				B79FAB282CD6C89900DFAC63 /* Common */,
				B79FAACE2CD6BF5200DFAC63 /* ContentView.swift */,
				B79FAAD02CD6BF5300DFAC63 /* Assets.xcassets */,
				B79FAAD22CD6BF5300DFAC63 /* Preview Content */,
				B7B0E1812CDFACD300E107B0 /* Services */,
			);
			path = InvestSight;
			sourceTree = "<group>";
		};
		B79FAAD22CD6BF5300DFAC63 /* Preview Content */ = {
			isa = PBXGroup;
			children = (
				B7B0E1B22CE0F3C400E107B0 /* PreviewData.swift */,
				B79FAAD32CD6BF5300DFAC63 /* Preview Assets.xcassets */,
			);
			path = "Preview Content";
			sourceTree = "<group>";
		};
		B79FAADC2CD6BF5300DFAC63 /* InvestSightTests */ = {
			isa = PBXGroup;
			children = (
				B79FAADD2CD6BF5300DFAC63 /* InvestSightTests.swift */,
			);
			path = InvestSightTests;
			sourceTree = "<group>";
		};
		B79FAAE62CD6BF5300DFAC63 /* InvestSightUITests */ = {
			isa = PBXGroup;
			children = (
				B79FAAE72CD6BF5300DFAC63 /* InvestSightUITests.swift */,
				B79FAAE92CD6BF5300DFAC63 /* InvestSightUITestsLaunchTests.swift */,
			);
			path = InvestSightUITests;
			sourceTree = "<group>";
		};
		B79FAAFB2CD6BF6500DFAC63 /* Frameworks */ = {
			isa = PBXGroup;
			children = (
				B79FAAFC2CD6BF6500DFAC63 /* WidgetKit.framework */,
				B79FAAFE2CD6BF6600DFAC63 /* SwiftUI.framework */,
			);
			name = Frameworks;
			sourceTree = "<group>";
		};
		B79FAB002CD6BF6600DFAC63 /* InvestSightWidgets */ = {
			isa = PBXGroup;
			children = (
				B79FAB012CD6BF6600DFAC63 /* InvestSightWidgetsBundle.swift */,
				B79FAB032CD6BF6600DFAC63 /* InvestSightWidgetsLiveActivity.swift */,
				B79FAB052CD6BF6600DFAC63 /* InvestSightWidgets.swift */,
				B79FAB072CD6BF6600DFAC63 /* AppIntent.swift */,
				B79FAB092CD6BF6900DFAC63 /* Assets.xcassets */,
				B79FAB0B2CD6BF6900DFAC63 /* Info.plist */,
			);
			path = InvestSightWidgets;
			sourceTree = "<group>";
		};
		B79FAB212CD6C54900DFAC63 /* App */ = {
			isa = PBXGroup;
			children = (
				B79FAB222CD6C55C00DFAC63 /* DependencyInjection */,
				B79FAACC2CD6BF5200DFAC63 /* InvestSightApp.swift */,
			);
			path = App;
			sourceTree = "<group>";
		};
		B79FAB222CD6C55C00DFAC63 /* DependencyInjection */ = {
			isa = PBXGroup;
			children = (
				B79FAB232CD6C56E00DFAC63 /* AppContainer.swift */,
			);
			path = DependencyInjection;
			sourceTree = "<group>";
		};
		B79FAB252CD6C86000DFAC63 /* Features */ = {
			isa = PBXGroup;
			children = (
				B7B0E18E2CDFE6F400E107B0 /* Settings */,
				B79FAB5F2CD6E0A900DFAC63 /* Portfolio */,
			);
			path = Features;
			sourceTree = "<group>";
		};
		B79FAB262CD6C87E00DFAC63 /* Core */ = {
			isa = PBXGroup;
			children = (
				B7B0E19E2CE0E0A900E107B0 /* Protocols */,
				B7B0E1942CDFEA4500E107B0 /* Utils */,
				B79FAB6B2CD7EB4700DFAC63 /* Components */,
				B79FAB622CD7D9FB00DFAC63 /* Extensions */,
				B79FAB392CD6D65400DFAC63 /* Domain */,
			);
			path = Core;
			sourceTree = "<group>";
		};
		B79FAB272CD6C88F00DFAC63 /* Data */ = {
			isa = PBXGroup;
			children = (
				B79FAB412CD6D7FB00DFAC63 /* Network */,
				B79FAB292CD6C8CC00DFAC63 /* Storage */,
			);
			path = Data;
			sourceTree = "<group>";
		};
		B79FAB282CD6C89900DFAC63 /* Common */ = {
			isa = PBXGroup;
			children = (
			);
			path = Common;
			sourceTree = "<group>";
		};
		B79FAB292CD6C8CC00DFAC63 /* Storage */ = {
			isa = PBXGroup;
			children = (
				B79FAB2A2CD6C8D400DFAC63 /* Models */,
			);
			path = Storage;
			sourceTree = "<group>";
		};
		B79FAB2A2CD6C8D400DFAC63 /* Models */ = {
			isa = PBXGroup;
			children = (
				B79FAB342CD6CFDE00DFAC63 /* Trading212 */,
			);
			path = Models;
			sourceTree = "<group>";
		};
		B79FAB342CD6CFDE00DFAC63 /* Trading212 */ = {
			isa = PBXGroup;
			children = (
				B79FAB352CD6CFEE00DFAC63 /* T212Stock.swift */,
				B79FAB372CD6D01100DFAC63 /* T212Portfolio.swift */,
			);
			path = Trading212;
			sourceTree = "<group>";
		};
		B79FAB392CD6D65400DFAC63 /* Domain */ = {
			isa = PBXGroup;
			children = (
				B79FAB3A2CD6D65A00DFAC63 /* Entities */,
			);
			path = Domain;
			sourceTree = "<group>";
		};
		B79FAB3A2CD6D65A00DFAC63 /* Entities */ = {
			isa = PBXGroup;
			children = (
				B7B0E1A22CE0E54800E107B0 /* PortfolioHistory.swift */,
				B79FAB3B2CD6D66E00DFAC63 /* Stock.swift */,
				B79FAB3D2CD6D68B00DFAC63 /* Portfolio.swift */,
			);
			path = Entities;
			sourceTree = "<group>";
		};
		B79FAB412CD6D7FB00DFAC63 /* Network */ = {
			isa = PBXGroup;
			children = (
				B79FAB4A2CD6D82A00DFAC63 /* Base */,
				B79FAB432CD6D82A00DFAC63 /* Models */,
				B79FAB452CD6D82A00DFAC63 /* Services */,
			);
			path = Network;
			sourceTree = "<group>";
		};
		B79FAB432CD6D82A00DFAC63 /* Models */ = {
			isa = PBXGroup;
			children = (
				B79FAB422CD6D82A00DFAC63 /* EmptyResponse.swift */,
			);
			path = Models;
			sourceTree = "<group>";
		};
		B79FAB452CD6D82A00DFAC63 /* Services */ = {
			isa = PBXGroup;
			children = (
				B79FAB502CD6DD3E00DFAC63 /* Trading212 */,
			);
			path = Services;
			sourceTree = "<group>";
		};
		B79FAB4A2CD6D82A00DFAC63 /* Base */ = {
			isa = PBXGroup;
			children = (
				B79FAB482CD6D82A00DFAC63 /* APIConstants.swift */,
				B79FAB492CD6D82A00DFAC63 /* APIError.swift */,
				B79FAB532CD6DD7600DFAC63 /* APIClient.swift */,
				B79FAB552CD6DD9900DFAC63 /* Endpoint.swift */,
				B79FAB5B2CD6DF2C00DFAC63 /* HTTPMethod.swift */,
			);
			path = Base;
			sourceTree = "<group>";
		};
		B79FAB502CD6DD3E00DFAC63 /* Trading212 */ = {
			isa = PBXGroup;
			children = (
				B79FAB512CD6DD5200DFAC63 /* Trading212ServiceProtocol.swift */,
				B79FAB572CD6DDD700DFAC63 /* Trading212Service.swift */,
				B79FAB592CD6DE2700DFAC63 /* Trading212Endpoint.swift */,
			);
			path = Trading212;
			sourceTree = "<group>";
		};
		B79FAB5E2CD6E0A900DFAC63 /* ViewModels */ = {
			isa = PBXGroup;
			children = (
				B7B0E1A82CE0E9C300E107B0 /* PortfolioGraphViewModel.swift */,
				B79FAB5D2CD6E0A900DFAC63 /* PortfolioViewModel.swift */,
			);
			path = ViewModels;
			sourceTree = "<group>";
		};
		B79FAB5F2CD6E0A900DFAC63 /* Portfolio */ = {
			isa = PBXGroup;
			children = (
				B7B0E19B2CE0E08B00E107B0 /* Models */,
				B79FAB672CD7DA1900DFAC63 /* Views */,
				B79FAB5E2CD6E0A900DFAC63 /* ViewModels */,
			);
			path = Portfolio;
			sourceTree = "<group>";
		};
		B79FAB622CD7D9FB00DFAC63 /* Extensions */ = {
			isa = PBXGroup;
			children = (
				B7B0E1A62CE0E95800E107B0 /* Date+Components.swift */,
				B79FAB612CD7D9FB00DFAC63 /* Color+Hex.swift */,
			);
			path = Extensions;
			sourceTree = "<group>";
		};
		B79FAB662CD7DA1900DFAC63 /* Components */ = {
			isa = PBXGroup;
			children = (
				B7B0E18A2CDFE6E000E107B0 /* Navigation */,
				B79FAB712CD7F35600DFAC63 /* PortfolioGraphView.swift */,
				B79FAB6F2CD7F34000DFAC63 /* PortfolioHeaderView.swift */,
				B79FAB642CD7DA1900DFAC63 /* BrokerStatusView.swift */,
				B79FAB652CD7DA1900DFAC63 /* StockRowView.swift */,
			);
			path = Components;
			sourceTree = "<group>";
		};
		B79FAB672CD7DA1900DFAC63 /* Views */ = {
			isa = PBXGroup;
			children = (
				B7B0E1872CDFE6CA00E107B0 /* Main */,
				B79FAB6D2CD7EB6E00DFAC63 /* PortfolioContent.swift */,
				B79FAB662CD7DA1900DFAC63 /* Components */,
			);
			path = Views;
			sourceTree = "<group>";
		};
		B79FAB6B2CD7EB4700DFAC63 /* Components */ = {
			isa = PBXGroup;
			children = (
				B7B0E1902CDFE70300E107B0 /* ErrorView.swift */,
				B79FAB6A2CD7EB4700DFAC63 /* RefreshableView.swift */,
			);
			path = Components;
			sourceTree = "<group>";
		};
		B7B0E1812CDFACD300E107B0 /* Services */ = {
			isa = PBXGroup;
			children = (
				B7B0E1B42CE10CB800E107B0 /* BackgroundTaskService.swift */,
				B7B0E1A42CE0E56500E107B0 /* PortfolioHistoryService.swift */,
				B7B0E1802CDFACD300E107B0 /* StockCacheService.swift */,
			);
			path = Services;
			sourceTree = "<group>";
		};
		B7B0E1872CDFE6CA00E107B0 /* Main */ = {
			isa = PBXGroup;
			children = (
				B7B0E1862CDFE6CA00E107B0 /* PortfolioMainView.swift */,
			);
			path = Main;
			sourceTree = "<group>";
		};
		B7B0E18A2CDFE6E000E107B0 /* Navigation */ = {
			isa = PBXGroup;
			children = (
				B7B0E1982CE0DEFA00E107B0 /* PortfolioToolbar.swift */,
			);
			path = Navigation;
			sourceTree = "<group>";
		};
		B7B0E18D2CDFE6F400E107B0 /* Views */ = {
			isa = PBXGroup;
			children = (
				B7B0E18C2CDFE6F400E107B0 /* SettingsView.swift */,
			);
			path = Views;
			sourceTree = "<group>";
		};
		B7B0E18E2CDFE6F400E107B0 /* Settings */ = {
			isa = PBXGroup;
			children = (
				B7B0E18D2CDFE6F400E107B0 /* Views */,
			);
			path = Settings;
			sourceTree = "<group>";
		};
		B7B0E1932CDFEA4500E107B0 /* PreferenceKeys */ = {
			isa = PBXGroup;
			children = (
				B7B0E1922CDFEA4500E107B0 /* ScrollOffsetPreferenceKey.swift */,
			);
			path = PreferenceKeys;
			sourceTree = "<group>";
		};
		B7B0E1942CDFEA4500E107B0 /* Utils */ = {
			isa = PBXGroup;
			children = (
				B7B0E1932CDFEA4500E107B0 /* PreferenceKeys */,
			);
			path = Utils;
			sourceTree = "<group>";
		};
		B7B0E19B2CE0E08B00E107B0 /* Models */ = {
			isa = PBXGroup;
			children = (
				B7B0E1AA2CE0F11900E107B0 /* PortfolioRefreshable.swift */,
				B7B0E19A2CE0E08B00E107B0 /* PortfolioState.swift */,
			);
			path = Models;
			sourceTree = "<group>";
		};
		B7B0E19E2CE0E0A900E107B0 /* Protocols */ = {
			isa = PBXGroup;
			children = (
				B7B0E19D2CE0E0A900E107B0 /* DateProviding.swift */,
			);
			path = Protocols;
			sourceTree = "<group>";
		};
/* End PBXGroup section */

/* Begin PBXNativeTarget section */
		B79FAAC82CD6BF5200DFAC63 /* InvestSight */ = {
			isa = PBXNativeTarget;
			buildConfigurationList = B79FAAED2CD6BF5300DFAC63 /* Build configuration list for PBXNativeTarget "InvestSight" */;
			buildPhases = (
				B79FAAC52CD6BF5200DFAC63 /* Sources */,
				B79FAAC62CD6BF5200DFAC63 /* Frameworks */,
				B79FAAC72CD6BF5200DFAC63 /* Resources */,
				B79FAB122CD6BF6900DFAC63 /* Embed Foundation Extensions */,
			);
			buildRules = (
			);
			dependencies = (
				B79FAB0D2CD6BF6900DFAC63 /* PBXTargetDependency */,
			);
			name = InvestSight;
			packageProductDependencies = (
			);
			productName = InvestSight;
			productReference = B79FAAC92CD6BF5200DFAC63 /* InvestSight.app */;
			productType = "com.apple.product-type.application";
		};
		B79FAAD82CD6BF5300DFAC63 /* InvestSightTests */ = {
			isa = PBXNativeTarget;
			buildConfigurationList = B79FAAF02CD6BF5300DFAC63 /* Build configuration list for PBXNativeTarget "InvestSightTests" */;
			buildPhases = (
				B79FAAD52CD6BF5300DFAC63 /* Sources */,
				B79FAAD62CD6BF5300DFAC63 /* Frameworks */,
				B79FAAD72CD6BF5300DFAC63 /* Resources */,
			);
			buildRules = (
			);
			dependencies = (
				B79FAADB2CD6BF5300DFAC63 /* PBXTargetDependency */,
			);
			name = InvestSightTests;
			productName = InvestSightTests;
			productReference = B79FAAD92CD6BF5300DFAC63 /* InvestSightTests.xctest */;
			productType = "com.apple.product-type.bundle.unit-test";
		};
		B79FAAE22CD6BF5300DFAC63 /* InvestSightUITests */ = {
			isa = PBXNativeTarget;
			buildConfigurationList = B79FAAF32CD6BF5300DFAC63 /* Build configuration list for PBXNativeTarget "InvestSightUITests" */;
			buildPhases = (
				B79FAADF2CD6BF5300DFAC63 /* Sources */,
				B79FAAE02CD6BF5300DFAC63 /* Frameworks */,
				B79FAAE12CD6BF5300DFAC63 /* Resources */,
			);
			buildRules = (
			);
			dependencies = (
				B79FAAE52CD6BF5300DFAC63 /* PBXTargetDependency */,
			);
			name = InvestSightUITests;
			productName = InvestSightUITests;
			productReference = B79FAAE32CD6BF5300DFAC63 /* InvestSightUITests.xctest */;
			productType = "com.apple.product-type.bundle.ui-testing";
		};
		B79FAAF92CD6BF6500DFAC63 /* InvestSightWidgetsExtension */ = {
			isa = PBXNativeTarget;
			buildConfigurationList = B79FAB0F2CD6BF6900DFAC63 /* Build configuration list for PBXNativeTarget "InvestSightWidgetsExtension" */;
			buildPhases = (
				B79FAAF62CD6BF6500DFAC63 /* Sources */,
				B79FAAF72CD6BF6500DFAC63 /* Frameworks */,
				B79FAAF82CD6BF6500DFAC63 /* Resources */,
			);
			buildRules = (
			);
			dependencies = (
			);
			name = InvestSightWidgetsExtension;
			productName = InvestSightWidgetsExtension;
			productReference = B79FAAFA2CD6BF6500DFAC63 /* InvestSightWidgetsExtension.appex */;
			productType = "com.apple.product-type.app-extension";
		};
/* End PBXNativeTarget section */

/* Begin PBXProject section */
		B79FAAC12CD6BF5200DFAC63 /* Project object */ = {
			isa = PBXProject;
			attributes = {
				BuildIndependentTargetsInParallel = 1;
				LastSwiftUpdateCheck = 1540;
				LastUpgradeCheck = 1540;
				TargetAttributes = {
					B79FAAC82CD6BF5200DFAC63 = {
						CreatedOnToolsVersion = 15.4;
					};
					B79FAAD82CD6BF5300DFAC63 = {
						CreatedOnToolsVersion = 15.4;
						TestTargetID = B79FAAC82CD6BF5200DFAC63;
					};
					B79FAAE22CD6BF5300DFAC63 = {
						CreatedOnToolsVersion = 15.4;
						TestTargetID = B79FAAC82CD6BF5200DFAC63;
					};
					B79FAAF92CD6BF6500DFAC63 = {
						CreatedOnToolsVersion = 15.4;
					};
				};
			};
			buildConfigurationList = B79FAAC42CD6BF5200DFAC63 /* Build configuration list for PBXProject "InvestSight" */;
			compatibilityVersion = "Xcode 14.0";
			developmentRegion = en;
			hasScannedForEncodings = 0;
			knownRegions = (
				en,
				Base,
			);
			mainGroup = B79FAAC02CD6BF5200DFAC63;
			packageReferences = (
				B7B0E1B72CE11B6400E107B0 /* XCRemoteSwiftPackageReference "KeychainAccess" */,
			);
			productRefGroup = B79FAACA2CD6BF5200DFAC63 /* Products */;
			projectDirPath = "";
			projectRoot = "";
			targets = (
				B79FAAC82CD6BF5200DFAC63 /* InvestSight */,
				B79FAAD82CD6BF5300DFAC63 /* InvestSightTests */,
				B79FAAE22CD6BF5300DFAC63 /* InvestSightUITests */,
				B79FAAF92CD6BF6500DFAC63 /* InvestSightWidgetsExtension */,
			);
		};
/* End PBXProject section */

/* Begin PBXResourcesBuildPhase section */
		B79FAAC72CD6BF5200DFAC63 /* Resources */ = {
			isa = PBXResourcesBuildPhase;
			buildActionMask = 2147483647;
			files = (
				B79FAAD42CD6BF5300DFAC63 /* Preview Assets.xcassets in Resources */,
				B79FAAD12CD6BF5300DFAC63 /* Assets.xcassets in Resources */,
			);
			runOnlyForDeploymentPostprocessing = 0;
		};
		B79FAAD72CD6BF5300DFAC63 /* Resources */ = {
			isa = PBXResourcesBuildPhase;
			buildActionMask = 2147483647;
			files = (
			);
			runOnlyForDeploymentPostprocessing = 0;
		};
		B79FAAE12CD6BF5300DFAC63 /* Resources */ = {
			isa = PBXResourcesBuildPhase;
			buildActionMask = 2147483647;
			files = (
			);
			runOnlyForDeploymentPostprocessing = 0;
		};
		B79FAAF82CD6BF6500DFAC63 /* Resources */ = {
			isa = PBXResourcesBuildPhase;
			buildActionMask = 2147483647;
			files = (
				B79FAB0A2CD6BF6900DFAC63 /* Assets.xcassets in Resources */,
			);
			runOnlyForDeploymentPostprocessing = 0;
		};
/* End PBXResourcesBuildPhase section */

/* Begin PBXSourcesBuildPhase section */
		B79FAAC52CD6BF5200DFAC63 /* Sources */ = {
			isa = PBXSourcesBuildPhase;
			buildActionMask = 2147483647;
			files = (
				B7B0E1992CE0DEFB00E107B0 /* PortfolioToolbar.swift in Sources */,
				B7B0E1B52CE10CB800E107B0 /* BackgroundTaskService.swift in Sources */,
				B79FAB6E2CD7EB6E00DFAC63 /* PortfolioContent.swift in Sources */,
				B7B0E1B32CE0F3C400E107B0 /* PreviewData.swift in Sources */,
				B79FAACF2CD6BF5200DFAC63 /* ContentView.swift in Sources */,
				B79FAB582CD6DDD700DFAC63 /* Trading212Service.swift in Sources */,
				B7B0E1A92CE0E9C300E107B0 /* PortfolioGraphViewModel.swift in Sources */,
				B79FAB542CD6DD7600DFAC63 /* APIClient.swift in Sources */,
				B79FAB602CD6E0A900DFAC63 /* PortfolioViewModel.swift in Sources */,
				B7B0E1912CDFE70300E107B0 /* ErrorView.swift in Sources */,
				B79FAB4E2CD6D82A00DFAC63 /* APIConstants.swift in Sources */,
				B79FAB722CD7F35700DFAC63 /* PortfolioGraphView.swift in Sources */,
				B79FAB722CD7F35700DFAC63 /* PortfolioGraphView.swift in Sources */,
				B79FAB5A2CD6DE2700DFAC63 /* Trading212Endpoint.swift in Sources */,
				B7B0E1A72CE0E95800E107B0 /* Date+Components.swift in Sources */,
				B79FAACD2CD6BF5200DFAC63 /* InvestSightApp.swift in Sources */,
				B79FAB562CD6DD9900DFAC63 /* Endpoint.swift in Sources */,
				B7B0E1832CDFACD400E107B0 /* StockCacheService.swift in Sources */,
				B79FAB682CD7DA1A00DFAC63 /* BrokerStatusView.swift in Sources */,
				B79FAB522CD6DD5200DFAC63 /* Trading212ServiceProtocol.swift in Sources */,
				B79FAB3C2CD6D66E00DFAC63 /* Stock.swift in Sources */,
				B79FAB6C2CD7EB4700DFAC63 /* RefreshableView.swift in Sources */,
				B79FAB6C2CD7EB4700DFAC63 /* RefreshableView.swift in Sources */,
				B79FAB4F2CD6D82A00DFAC63 /* APIError.swift in Sources */,
				B79FAB3E2CD6D68B00DFAC63 /* Portfolio.swift in Sources */,
				B7B0E1A52CE0E56500E107B0 /* PortfolioHistoryService.swift in Sources */,
				B79FAB702CD7F34000DFAC63 /* PortfolioHeaderView.swift in Sources */,
				B79FAB4B2CD6D82A00DFAC63 /* EmptyResponse.swift in Sources */,
				B79FAB362CD6CFEE00DFAC63 /* T212Stock.swift in Sources */,
				B79FAB5C2CD6DF2C00DFAC63 /* HTTPMethod.swift in Sources */,
				B7B0E19C2CE0E08B00E107B0 /* PortfolioState.swift in Sources */,
				B7B0E1952CDFEA4500E107B0 /* ScrollOffsetPreferenceKey.swift in Sources */,
				B7B0E18F2CDFE6F400E107B0 /* SettingsView.swift in Sources */,
				B79FAB692CD7DA1A00DFAC63 /* StockRowView.swift in Sources */,
				B7B0E1882CDFE6CA00E107B0 /* PortfolioMainView.swift in Sources */,
				B79FAB382CD6D01100DFAC63 /* T212Portfolio.swift in Sources */,
				B79FAB242CD6C56E00DFAC63 /* AppContainer.swift in Sources */,
				B7B0E19F2CE0E0A900E107B0 /* DateProviding.swift in Sources */,
				B7B0E1AB2CE0F11900E107B0 /* PortfolioRefreshable.swift in Sources */,
				B79FAB632CD7D9FB00DFAC63 /* Color+Hex.swift in Sources */,
				B7B0E1A32CE0E54800E107B0 /* PortfolioHistory.swift in Sources */,
			);
			runOnlyForDeploymentPostprocessing = 0;
		};
		B79FAAD52CD6BF5300DFAC63 /* Sources */ = {
			isa = PBXSourcesBuildPhase;
			buildActionMask = 2147483647;
			files = (
				B79FAADE2CD6BF5300DFAC63 /* InvestSightTests.swift in Sources */,
			);
			runOnlyForDeploymentPostprocessing = 0;
		};
		B79FAADF2CD6BF5300DFAC63 /* Sources */ = {
			isa = PBXSourcesBuildPhase;
			buildActionMask = 2147483647;
			files = (
				B79FAAE82CD6BF5300DFAC63 /* InvestSightUITests.swift in Sources */,
				B79FAAEA2CD6BF5300DFAC63 /* InvestSightUITestsLaunchTests.swift in Sources */,
			);
			runOnlyForDeploymentPostprocessing = 0;
		};
		B79FAAF62CD6BF6500DFAC63 /* Sources */ = {
			isa = PBXSourcesBuildPhase;
			buildActionMask = 2147483647;
			files = (
				B79FAB402CD6D6BD00DFAC63 /* Portfolio.swift in Sources */,
				B79FAB022CD6BF6600DFAC63 /* InvestSightWidgetsBundle.swift in Sources */,
				B79FAB082CD6BF6600DFAC63 /* AppIntent.swift in Sources */,
				B79FAB042CD6BF6600DFAC63 /* InvestSightWidgetsLiveActivity.swift in Sources */,
				B79FAB3F2CD6D6BB00DFAC63 /* Stock.swift in Sources */,
				B79FAB062CD6BF6600DFAC63 /* InvestSightWidgets.swift in Sources */,
			);
			runOnlyForDeploymentPostprocessing = 0;
		};
/* End PBXSourcesBuildPhase section */

/* Begin PBXTargetDependency section */
		B79FAADB2CD6BF5300DFAC63 /* PBXTargetDependency */ = {
			isa = PBXTargetDependency;
			target = B79FAAC82CD6BF5200DFAC63 /* InvestSight */;
			targetProxy = B79FAADA2CD6BF5300DFAC63 /* PBXContainerItemProxy */;
		};
		B79FAAE52CD6BF5300DFAC63 /* PBXTargetDependency */ = {
			isa = PBXTargetDependency;
			target = B79FAAC82CD6BF5200DFAC63 /* InvestSight */;
			targetProxy = B79FAAE42CD6BF5300DFAC63 /* PBXContainerItemProxy */;
		};
		B79FAB0D2CD6BF6900DFAC63 /* PBXTargetDependency */ = {
			isa = PBXTargetDependency;
			target = B79FAAF92CD6BF6500DFAC63 /* InvestSightWidgetsExtension */;
			targetProxy = B79FAB0C2CD6BF6900DFAC63 /* PBXContainerItemProxy */;
		};
/* End PBXTargetDependency section */

/* Begin XCBuildConfiguration section */
		B79FAAEB2CD6BF5300DFAC63 /* Debug */ = {
			isa = XCBuildConfiguration;
			buildSettings = {
				ALWAYS_SEARCH_USER_PATHS = NO;
				ASSETCATALOG_COMPILER_GENERATE_SWIFT_ASSET_SYMBOL_EXTENSIONS = YES;
				CLANG_ANALYZER_NONNULL = YES;
				CLANG_ANALYZER_NUMBER_OBJECT_CONVERSION = YES_AGGRESSIVE;
				CLANG_CXX_LANGUAGE_STANDARD = "gnu++20";
				CLANG_ENABLE_MODULES = YES;
				CLANG_ENABLE_OBJC_ARC = YES;
				CLANG_ENABLE_OBJC_WEAK = YES;
				CLANG_WARN_BLOCK_CAPTURE_AUTORELEASING = YES;
				CLANG_WARN_BOOL_CONVERSION = YES;
				CLANG_WARN_COMMA = YES;
				CLANG_WARN_CONSTANT_CONVERSION = YES;
				CLANG_WARN_DEPRECATED_OBJC_IMPLEMENTATIONS = YES;
				CLANG_WARN_DIRECT_OBJC_ISA_USAGE = YES_ERROR;
				CLANG_WARN_DOCUMENTATION_COMMENTS = YES;
				CLANG_WARN_EMPTY_BODY = YES;
				CLANG_WARN_ENUM_CONVERSION = YES;
				CLANG_WARN_INFINITE_RECURSION = YES;
				CLANG_WARN_INT_CONVERSION = YES;
				CLANG_WARN_NON_LITERAL_NULL_CONVERSION = YES;
				CLANG_WARN_OBJC_IMPLICIT_RETAIN_SELF = YES;
				CLANG_WARN_OBJC_LITERAL_CONVERSION = YES;
				CLANG_WARN_OBJC_ROOT_CLASS = YES_ERROR;
				CLANG_WARN_QUOTED_INCLUDE_IN_FRAMEWORK_HEADER = YES;
				CLANG_WARN_RANGE_LOOP_ANALYSIS = YES;
				CLANG_WARN_STRICT_PROTOTYPES = YES;
				CLANG_WARN_SUSPICIOUS_MOVE = YES;
				CLANG_WARN_UNGUARDED_AVAILABILITY = YES_AGGRESSIVE;
				CLANG_WARN_UNREACHABLE_CODE = YES;
				CLANG_WARN__DUPLICATE_METHOD_MATCH = YES;
				COPY_PHASE_STRIP = NO;
				DEBUG_INFORMATION_FORMAT = dwarf;
				ENABLE_STRICT_OBJC_MSGSEND = YES;
				ENABLE_TESTABILITY = YES;
				ENABLE_USER_SCRIPT_SANDBOXING = YES;
				GCC_C_LANGUAGE_STANDARD = gnu17;
				GCC_DYNAMIC_NO_PIC = NO;
				GCC_NO_COMMON_BLOCKS = YES;
				GCC_OPTIMIZATION_LEVEL = 0;
				GCC_PREPROCESSOR_DEFINITIONS = (
					"DEBUG=1",
					"$(inherited)",
				);
				GCC_WARN_64_TO_32_BIT_CONVERSION = YES;
				GCC_WARN_ABOUT_RETURN_TYPE = YES_ERROR;
				GCC_WARN_UNDECLARED_SELECTOR = YES;
				GCC_WARN_UNINITIALIZED_AUTOS = YES_AGGRESSIVE;
				GCC_WARN_UNUSED_FUNCTION = YES;
				GCC_WARN_UNUSED_VARIABLE = YES;
				IPHONEOS_DEPLOYMENT_TARGET = 17.5;
				LOCALIZATION_PREFERS_STRING_CATALOGS = YES;
				MTL_ENABLE_DEBUG_INFO = INCLUDE_SOURCE;
				MTL_FAST_MATH = YES;
				ONLY_ACTIVE_ARCH = YES;
				SDKROOT = iphoneos;
				SWIFT_ACTIVE_COMPILATION_CONDITIONS = "DEBUG $(inherited)";
				SWIFT_OPTIMIZATION_LEVEL = "-Onone";
			};
			name = Debug;
		};
		B79FAAEC2CD6BF5300DFAC63 /* Release */ = {
			isa = XCBuildConfiguration;
			buildSettings = {
				ALWAYS_SEARCH_USER_PATHS = NO;
				ASSETCATALOG_COMPILER_GENERATE_SWIFT_ASSET_SYMBOL_EXTENSIONS = YES;
				CLANG_ANALYZER_NONNULL = YES;
				CLANG_ANALYZER_NUMBER_OBJECT_CONVERSION = YES_AGGRESSIVE;
				CLANG_CXX_LANGUAGE_STANDARD = "gnu++20";
				CLANG_ENABLE_MODULES = YES;
				CLANG_ENABLE_OBJC_ARC = YES;
				CLANG_ENABLE_OBJC_WEAK = YES;
				CLANG_WARN_BLOCK_CAPTURE_AUTORELEASING = YES;
				CLANG_WARN_BOOL_CONVERSION = YES;
				CLANG_WARN_COMMA = YES;
				CLANG_WARN_CONSTANT_CONVERSION = YES;
				CLANG_WARN_DEPRECATED_OBJC_IMPLEMENTATIONS = YES;
				CLANG_WARN_DIRECT_OBJC_ISA_USAGE = YES_ERROR;
				CLANG_WARN_DOCUMENTATION_COMMENTS = YES;
				CLANG_WARN_EMPTY_BODY = YES;
				CLANG_WARN_ENUM_CONVERSION = YES;
				CLANG_WARN_INFINITE_RECURSION = YES;
				CLANG_WARN_INT_CONVERSION = YES;
				CLANG_WARN_NON_LITERAL_NULL_CONVERSION = YES;
				CLANG_WARN_OBJC_IMPLICIT_RETAIN_SELF = YES;
				CLANG_WARN_OBJC_LITERAL_CONVERSION = YES;
				CLANG_WARN_OBJC_ROOT_CLASS = YES_ERROR;
				CLANG_WARN_QUOTED_INCLUDE_IN_FRAMEWORK_HEADER = YES;
				CLANG_WARN_RANGE_LOOP_ANALYSIS = YES;
				CLANG_WARN_STRICT_PROTOTYPES = YES;
				CLANG_WARN_SUSPICIOUS_MOVE = YES;
				CLANG_WARN_UNGUARDED_AVAILABILITY = YES_AGGRESSIVE;
				CLANG_WARN_UNREACHABLE_CODE = YES;
				CLANG_WARN__DUPLICATE_METHOD_MATCH = YES;
				COPY_PHASE_STRIP = NO;
				DEBUG_INFORMATION_FORMAT = "dwarf-with-dsym";
				ENABLE_NS_ASSERTIONS = NO;
				ENABLE_STRICT_OBJC_MSGSEND = YES;
				ENABLE_USER_SCRIPT_SANDBOXING = YES;
				GCC_C_LANGUAGE_STANDARD = gnu17;
				GCC_NO_COMMON_BLOCKS = YES;
				GCC_WARN_64_TO_32_BIT_CONVERSION = YES;
				GCC_WARN_ABOUT_RETURN_TYPE = YES_ERROR;
				GCC_WARN_UNDECLARED_SELECTOR = YES;
				GCC_WARN_UNINITIALIZED_AUTOS = YES_AGGRESSIVE;
				GCC_WARN_UNUSED_FUNCTION = YES;
				GCC_WARN_UNUSED_VARIABLE = YES;
				IPHONEOS_DEPLOYMENT_TARGET = 17.5;
				LOCALIZATION_PREFERS_STRING_CATALOGS = YES;
				MTL_ENABLE_DEBUG_INFO = NO;
				MTL_FAST_MATH = YES;
				SDKROOT = iphoneos;
				SWIFT_COMPILATION_MODE = wholemodule;
				VALIDATE_PRODUCT = YES;
			};
			name = Release;
		};
		B79FAAEE2CD6BF5300DFAC63 /* Debug */ = {
			isa = XCBuildConfiguration;
			buildSettings = {
				ALWAYS_EMBED_SWIFT_STANDARD_LIBRARIES = YES;
				ASSETCATALOG_COMPILER_APPICON_NAME = AppIcon;
				ASSETCATALOG_COMPILER_GLOBAL_ACCENT_COLOR_NAME = AccentColor;
				CODE_SIGN_STYLE = Automatic;
				CURRENT_PROJECT_VERSION = 1;
				DEVELOPMENT_ASSET_PATHS = "\"InvestSight/Preview Content\"";
				DEVELOPMENT_TEAM = NTG9YBGFW2;
				ENABLE_PREVIEWS = YES;
				GENERATE_INFOPLIST_FILE = YES;
				INFOPLIST_FILE = InvestSight/Info.plist;
				INFOPLIST_KEY_UIApplicationSceneManifest_Generation = YES;
				INFOPLIST_KEY_UIApplicationSupportsIndirectInputEvents = YES;
				INFOPLIST_KEY_UILaunchScreen_Generation = YES;
				INFOPLIST_KEY_UISupportedInterfaceOrientations_iPad = "UIInterfaceOrientationPortrait UIInterfaceOrientationPortraitUpsideDown UIInterfaceOrientationLandscapeLeft UIInterfaceOrientationLandscapeRight";
				INFOPLIST_KEY_UISupportedInterfaceOrientations_iPhone = UIInterfaceOrientationPortrait;
				LD_RUNPATH_SEARCH_PATHS = (
					"$(inherited)",
					"@executable_path/Frameworks",
				);
				MARKETING_VERSION = 1.0;
				PRODUCT_BUNDLE_IDENTIFIER = co.tiagoafonso.InvestSight;
				PRODUCT_NAME = "$(TARGET_NAME)";
				SWIFT_EMIT_LOC_STRINGS = YES;
				SWIFT_VERSION = 5.0;
				TARGETED_DEVICE_FAMILY = "1,2";
			};
			name = Debug;
		};
		B79FAAEF2CD6BF5300DFAC63 /* Release */ = {
			isa = XCBuildConfiguration;
			buildSettings = {
				ALWAYS_EMBED_SWIFT_STANDARD_LIBRARIES = YES;
				ASSETCATALOG_COMPILER_APPICON_NAME = AppIcon;
				ASSETCATALOG_COMPILER_GLOBAL_ACCENT_COLOR_NAME = AccentColor;
				CODE_SIGN_STYLE = Automatic;
				CURRENT_PROJECT_VERSION = 1;
				DEVELOPMENT_ASSET_PATHS = "\"InvestSight/Preview Content\"";
				DEVELOPMENT_TEAM = NTG9YBGFW2;
				ENABLE_PREVIEWS = YES;
				GENERATE_INFOPLIST_FILE = YES;
				INFOPLIST_FILE = InvestSight/Info.plist;
				INFOPLIST_KEY_UIApplicationSceneManifest_Generation = YES;
				INFOPLIST_KEY_UIApplicationSupportsIndirectInputEvents = YES;
				INFOPLIST_KEY_UILaunchScreen_Generation = YES;
				INFOPLIST_KEY_UISupportedInterfaceOrientations_iPad = "UIInterfaceOrientationPortrait UIInterfaceOrientationPortraitUpsideDown UIInterfaceOrientationLandscapeLeft UIInterfaceOrientationLandscapeRight";
				INFOPLIST_KEY_UISupportedInterfaceOrientations_iPhone = UIInterfaceOrientationPortrait;
				LD_RUNPATH_SEARCH_PATHS = (
					"$(inherited)",
					"@executable_path/Frameworks",
				);
				MARKETING_VERSION = 1.0;
				PRODUCT_BUNDLE_IDENTIFIER = co.tiagoafonso.InvestSight;
				PRODUCT_NAME = "$(TARGET_NAME)";
				SWIFT_EMIT_LOC_STRINGS = YES;
				SWIFT_VERSION = 5.0;
				TARGETED_DEVICE_FAMILY = "1,2";
			};
			name = Release;
		};
		B79FAAF12CD6BF5300DFAC63 /* Debug */ = {
			isa = XCBuildConfiguration;
			buildSettings = {
				ALWAYS_EMBED_SWIFT_STANDARD_LIBRARIES = YES;
				BUNDLE_LOADER = "$(TEST_HOST)";
				CODE_SIGN_STYLE = Automatic;
				CURRENT_PROJECT_VERSION = 1;
				DEVELOPMENT_TEAM = NTG9YBGFW2;
				GENERATE_INFOPLIST_FILE = YES;
				IPHONEOS_DEPLOYMENT_TARGET = 17.5;
				MARKETING_VERSION = 1.0;
				PRODUCT_BUNDLE_IDENTIFIER = co.tiagoafonso.InvestSightTests;
				PRODUCT_NAME = "$(TARGET_NAME)";
				SWIFT_EMIT_LOC_STRINGS = NO;
				SWIFT_VERSION = 5.0;
				TARGETED_DEVICE_FAMILY = "1,2";
				TEST_HOST = "$(BUILT_PRODUCTS_DIR)/InvestSight.app/$(BUNDLE_EXECUTABLE_FOLDER_PATH)/InvestSight";
			};
			name = Debug;
		};
		B79FAAF22CD6BF5300DFAC63 /* Release */ = {
			isa = XCBuildConfiguration;
			buildSettings = {
				ALWAYS_EMBED_SWIFT_STANDARD_LIBRARIES = YES;
				BUNDLE_LOADER = "$(TEST_HOST)";
				CODE_SIGN_STYLE = Automatic;
				CURRENT_PROJECT_VERSION = 1;
				DEVELOPMENT_TEAM = NTG9YBGFW2;
				GENERATE_INFOPLIST_FILE = YES;
				IPHONEOS_DEPLOYMENT_TARGET = 17.5;
				MARKETING_VERSION = 1.0;
				PRODUCT_BUNDLE_IDENTIFIER = co.tiagoafonso.InvestSightTests;
				PRODUCT_NAME = "$(TARGET_NAME)";
				SWIFT_EMIT_LOC_STRINGS = NO;
				SWIFT_VERSION = 5.0;
				TARGETED_DEVICE_FAMILY = "1,2";
				TEST_HOST = "$(BUILT_PRODUCTS_DIR)/InvestSight.app/$(BUNDLE_EXECUTABLE_FOLDER_PATH)/InvestSight";
			};
			name = Release;
		};
		B79FAAF42CD6BF5300DFAC63 /* Debug */ = {
			isa = XCBuildConfiguration;
			buildSettings = {
				ALWAYS_EMBED_SWIFT_STANDARD_LIBRARIES = YES;
				CODE_SIGN_STYLE = Automatic;
				CURRENT_PROJECT_VERSION = 1;
				DEVELOPMENT_TEAM = NTG9YBGFW2;
				GENERATE_INFOPLIST_FILE = YES;
				MARKETING_VERSION = 1.0;
				PRODUCT_BUNDLE_IDENTIFIER = co.tiagoafonso.InvestSightUITests;
				PRODUCT_NAME = "$(TARGET_NAME)";
				SWIFT_EMIT_LOC_STRINGS = NO;
				SWIFT_VERSION = 5.0;
				TARGETED_DEVICE_FAMILY = "1,2";
				TEST_TARGET_NAME = InvestSight;
			};
			name = Debug;
		};
		B79FAAF52CD6BF5300DFAC63 /* Release */ = {
			isa = XCBuildConfiguration;
			buildSettings = {
				ALWAYS_EMBED_SWIFT_STANDARD_LIBRARIES = YES;
				CODE_SIGN_STYLE = Automatic;
				CURRENT_PROJECT_VERSION = 1;
				DEVELOPMENT_TEAM = NTG9YBGFW2;
				GENERATE_INFOPLIST_FILE = YES;
				MARKETING_VERSION = 1.0;
				PRODUCT_BUNDLE_IDENTIFIER = co.tiagoafonso.InvestSightUITests;
				PRODUCT_NAME = "$(TARGET_NAME)";
				SWIFT_EMIT_LOC_STRINGS = NO;
				SWIFT_VERSION = 5.0;
				TARGETED_DEVICE_FAMILY = "1,2";
				TEST_TARGET_NAME = InvestSight;
			};
			name = Release;
		};
		B79FAB102CD6BF6900DFAC63 /* Debug */ = {
			isa = XCBuildConfiguration;
			buildSettings = {
				ASSETCATALOG_COMPILER_GLOBAL_ACCENT_COLOR_NAME = AccentColor;
				ASSETCATALOG_COMPILER_WIDGET_BACKGROUND_COLOR_NAME = WidgetBackground;
				CODE_SIGN_STYLE = Automatic;
				CURRENT_PROJECT_VERSION = 1;
				DEVELOPMENT_TEAM = NTG9YBGFW2;
				GENERATE_INFOPLIST_FILE = YES;
				INFOPLIST_FILE = InvestSightWidgets/Info.plist;
				INFOPLIST_KEY_CFBundleDisplayName = InvestSightWidgets;
				INFOPLIST_KEY_NSHumanReadableCopyright = "";
				LD_RUNPATH_SEARCH_PATHS = (
					"$(inherited)",
					"@executable_path/Frameworks",
					"@executable_path/../../Frameworks",
				);
				MARKETING_VERSION = 1.0;
				PRODUCT_BUNDLE_IDENTIFIER = co.tiagoafonso.InvestSight.InvestSightWidgets;
				PRODUCT_NAME = "$(TARGET_NAME)";
				SKIP_INSTALL = YES;
				SWIFT_EMIT_LOC_STRINGS = YES;
				SWIFT_VERSION = 5.0;
				TARGETED_DEVICE_FAMILY = "1,2";
			};
			name = Debug;
		};
		B79FAB112CD6BF6900DFAC63 /* Release */ = {
			isa = XCBuildConfiguration;
			buildSettings = {
				ASSETCATALOG_COMPILER_GLOBAL_ACCENT_COLOR_NAME = AccentColor;
				ASSETCATALOG_COMPILER_WIDGET_BACKGROUND_COLOR_NAME = WidgetBackground;
				CODE_SIGN_STYLE = Automatic;
				CURRENT_PROJECT_VERSION = 1;
				DEVELOPMENT_TEAM = NTG9YBGFW2;
				GENERATE_INFOPLIST_FILE = YES;
				INFOPLIST_FILE = InvestSightWidgets/Info.plist;
				INFOPLIST_KEY_CFBundleDisplayName = InvestSightWidgets;
				INFOPLIST_KEY_NSHumanReadableCopyright = "";
				LD_RUNPATH_SEARCH_PATHS = (
					"$(inherited)",
					"@executable_path/Frameworks",
					"@executable_path/../../Frameworks",
				);
				MARKETING_VERSION = 1.0;
				PRODUCT_BUNDLE_IDENTIFIER = co.tiagoafonso.InvestSight.InvestSightWidgets;
				PRODUCT_NAME = "$(TARGET_NAME)";
				SKIP_INSTALL = YES;
				SWIFT_EMIT_LOC_STRINGS = YES;
				SWIFT_VERSION = 5.0;
				TARGETED_DEVICE_FAMILY = "1,2";
			};
			name = Release;
		};
/* End XCBuildConfiguration section */

/* Begin XCConfigurationList section */
		B79FAAC42CD6BF5200DFAC63 /* Build configuration list for PBXProject "InvestSight" */ = {
			isa = XCConfigurationList;
			buildConfigurations = (
				B79FAAEB2CD6BF5300DFAC63 /* Debug */,
				B79FAAEC2CD6BF5300DFAC63 /* Release */,
			);
			defaultConfigurationIsVisible = 0;
			defaultConfigurationName = Release;
		};
		B79FAAED2CD6BF5300DFAC63 /* Build configuration list for PBXNativeTarget "InvestSight" */ = {
			isa = XCConfigurationList;
			buildConfigurations = (
				B79FAAEE2CD6BF5300DFAC63 /* Debug */,
				B79FAAEF2CD6BF5300DFAC63 /* Release */,
			);
			defaultConfigurationIsVisible = 0;
			defaultConfigurationName = Release;
		};
		B79FAAF02CD6BF5300DFAC63 /* Build configuration list for PBXNativeTarget "InvestSightTests" */ = {
			isa = XCConfigurationList;
			buildConfigurations = (
				B79FAAF12CD6BF5300DFAC63 /* Debug */,
				B79FAAF22CD6BF5300DFAC63 /* Release */,
			);
			defaultConfigurationIsVisible = 0;
			defaultConfigurationName = Release;
		};
		B79FAAF32CD6BF5300DFAC63 /* Build configuration list for PBXNativeTarget "InvestSightUITests" */ = {
			isa = XCConfigurationList;
			buildConfigurations = (
				B79FAAF42CD6BF5300DFAC63 /* Debug */,
				B79FAAF52CD6BF5300DFAC63 /* Release */,
			);
			defaultConfigurationIsVisible = 0;
			defaultConfigurationName = Release;
		};
		B79FAB0F2CD6BF6900DFAC63 /* Build configuration list for PBXNativeTarget "InvestSightWidgetsExtension" */ = {
			isa = XCConfigurationList;
			buildConfigurations = (
				B79FAB102CD6BF6900DFAC63 /* Debug */,
				B79FAB112CD6BF6900DFAC63 /* Release */,
			);
			defaultConfigurationIsVisible = 0;
			defaultConfigurationName = Release;
		};
/* End XCConfigurationList section */

/* Begin XCRemoteSwiftPackageReference section */
		B7B0E1B72CE11B6400E107B0 /* XCRemoteSwiftPackageReference "KeychainAccess" */ = {
			isa = XCRemoteSwiftPackageReference;
			repositoryURL = "https://github.com/kishikawakatsumi/KeychainAccess.git";
			requirement = {
				branch = master;
				kind = branch;
			};
		};
/* End XCRemoteSwiftPackageReference section */
	};
	rootObject = B79FAAC12CD6BF5200DFAC63 /* Project object */;
}
